
Microsoft Visual Studio Solution File, Format Version 12.00
# Visual Studio Version 17
VisualStudioVersion = 17.6.33829.357
MinimumVisualStudioVersion = 10.0.40219.1
Project("{9A19103F-16F7-4668-BE54-9A1E7A4F7556}") = "Servel.NET", "Servel.NET\Servel.NET.csproj", "{404CA82E-79F9-491A-8799-1003D6D5D870}"
EndProject
Project("{2150E333-8FDC-42A3-9474-1A3956D46DE8}") = "Solution Items", "Solution Items", "{2C082114-A308-4DAD-B93A-F8EBDF096826}"
	ProjectSection(SolutionItems) = preProject
		.editorconfig = .editorconfig
	EndProjectSection
EndProject
Global
	GlobalSection(SolutionConfigurationPlatforms) = preSolution
		Debug|x64 = Debug|x64
		Release|x64 = Release|x64
	EndGlobalSection
	GlobalSection(ProjectConfigurationPlatforms) = postSolution
		{404CA82E-79F9-491A-8799-1003D6D5D870}.Debug|x64.ActiveCfg = Debug|x64
		{404CA82E-79F9-491A-8799-1003D6D5D870}.Debug|x64.Build.0 = Debug|x64
		{404CA82E-79F9-491A-8799-1003D6D5D870}.Release|x64.ActiveCfg = Release|x64
		{404CA82E-79F9-491A-8799-1003D6D5D870}.Release|x64.Build.0 = Release|x64
	EndGlobalSection
	GlobalSection(SolutionProperties) = preSolution
		HideSolutionNode = FALSE
	EndGlobalSection
	GlobalSection(ExtensibilityGlobals) = postSolution
		SolutionGuid = {314F61D5-820A-491D-83F2-BA390057AE0D}
	EndGlobalSection
EndGlobal
